
Microsoft Visual Studio Solution File, Format Version 12.00
# Visual Studio 14
VisualStudioVersion = 14.0.23107.0
MinimumVisualStudioVersion = 10.0.40219.1
Project("{FAE04EC0-301F-11D3-BF4B-00C04F79EFBC}") = "设计模式示例", "设计模式示例\设计模式示例.csproj", "{676BA46D-3B32-4D02-99BF-45FCBEA56D43}"
EndProject
Project("{FAE04EC0-301F-11D3-BF4B-00C04F79EFBC}") = "DesignPatternTest", "DesignPatternTest\DesignPatternTest.csproj", "{EC3B1A01-ED9A-4E91-9F48-BD4465675B24}"
EndProject
Global
	GlobalSection(SolutionConfigurationPlatforms) = preSolution
		Debug|Any CPU = Debug|Any CPU
		Release|Any CPU = Release|Any CPU
	EndGlobalSection
	GlobalSection(ProjectConfigurationPlatforms) = postSolution
		{676BA46D-3B32-4D02-99BF-45FCBEA56D43}.Debug|Any CPU.ActiveCfg = Debug|Any CPU
		{676BA46D-3B32-4D02-99BF-45FCBEA56D43}.Debug|Any CPU.Build.0 = Debug|Any CPU
		{676BA46D-3B32-4D02-99BF-45FCBEA56D43}.Release|Any CPU.ActiveCfg = Release|Any CPU
		{676BA46D-3B32-4D02-99BF-45FCBEA56D43}.Release|Any CPU.Build.0 = Release|Any CPU
		{EC3B1A01-ED9A-4E91-9F48-BD4465675B24}.Debug|Any CPU.ActiveCfg = Debug|Any CPU
		{EC3B1A01-ED9A-4E91-9F48-BD4465675B24}.Debug|Any CPU.Build.0 = Debug|Any CPU
		{EC3B1A01-ED9A-4E91-9F48-BD4465675B24}.Release|Any CPU.ActiveCfg = Release|Any CPU
		{EC3B1A01-ED9A-4E91-9F48-BD4465675B24}.Release|Any CPU.Build.0 = Release|Any CPU
	EndGlobalSection
	GlobalSection(SolutionProperties) = preSolution
		HideSolutionNode = FALSE
	EndGlobalSection
EndGlobal
